// !$*UTF8*$!
{
	archiveVersion = 1;
	classes = {
	};
	objectVersion = 46;
	objects = {

/* Begin PBXBuildFile section */
		0B1AD96F194423DB0078E7B5 /* main.m in Sources */ = {isa = PBXBuildFile; fileRef = 0B1AD96E194423DB0078E7B5 /* main.m */; };
		0B1AD972194423DB0078E7B5 /* AppDelegate.m in Sources */ = {isa = PBXBuildFile; fileRef = 0B1AD971194423DB0078E7B5 /* AppDelegate.m */; };
		0B1AD975194423DB0078E7B5 /* ViewController.m in Sources */ = {isa = PBXBuildFile; fileRef = 0B1AD974194423DB0078E7B5 /* ViewController.m */; };
		0B1AD978194423DB0078E7B5 /* Main.storyboard in Resources */ = {isa = PBXBuildFile; fileRef = 0B1AD976194423DB0078E7B5 /* Main.storyboard */; };
		0B1AD97A194423DB0078E7B5 /* Images.xcassets in Resources */ = {isa = PBXBuildFile; fileRef = 0B1AD979194423DB0078E7B5 /* Images.xcassets */; };
		0B1AD996194423E40078E7B5 /* NotificationCenter.framework in Frameworks */ = {isa = PBXBuildFile; fileRef = 0B1AD995194423E40078E7B5 /* NotificationCenter.framework */; };
		0B1AD99C194423E40078E7B5 /* TodayViewController.m in Sources */ = {isa = PBXBuildFile; fileRef = 0B1AD99B194423E40078E7B5 /* TodayViewController.m */; };
		0B1AD99E194423E40078E7B5 /* MainInterface.storyboard in Resources */ = {isa = PBXBuildFile; fileRef = 0B1AD99D194423E40078E7B5 /* MainInterface.storyboard */; };
		0B1AD9A1194423E40078E7B5 /* ca.adambell.NyanCat.Today.appex in Embed App Extensions */ = {isa = PBXBuildFile; fileRef = 0B1AD993194423E40078E7B5 /* ca.adambell.NyanCat.Today.appex */; };
		0B1AD9C0194424060078E7B5 /* Portrait-Nyan-1.png in Resources */ = {isa = PBXBuildFile; fileRef = 0B1AD9A8194424060078E7B5 /* Portrait-Nyan-1.png */; };
		0B1AD9C1194424060078E7B5 /* Portrait-Nyan-1@2x.png in Resources */ = {isa = PBXBuildFile; fileRef = 0B1AD9A9194424060078E7B5 /* Portrait-Nyan-1@2x.png */; };
		0B1AD9C2194424060078E7B5 /* Portrait-Nyan-2.png in Resources */ = {isa = PBXBuildFile; fileRef = 0B1AD9AA194424060078E7B5 /* Portrait-Nyan-2.png */; };
		0B1AD9C3194424060078E7B5 /* Portrait-Nyan-2@2x.png in Resources */ = {isa = PBXBuildFile; fileRef = 0B1AD9AB194424060078E7B5 /* Portrait-Nyan-2@2x.png */; };
		0B1AD9C4194424060078E7B5 /* Portrait-Nyan-3.png in Resources */ = {isa = PBXBuildFile; fileRef = 0B1AD9AC194424060078E7B5 /* Portrait-Nyan-3.png */; };
		0B1AD9C5194424060078E7B5 /* Portrait-Nyan-3@2x.png in Resources */ = {isa = PBXBuildFile; fileRef = 0B1AD9AD194424060078E7B5 /* Portrait-Nyan-3@2x.png */; };
		0B1AD9C6194424060078E7B5 /* Portrait-Nyan-4.png in Resources */ = {isa = PBXBuildFile; fileRef = 0B1AD9AE194424060078E7B5 /* Portrait-Nyan-4.png */; };
		0B1AD9C7194424060078E7B5 /* Portrait-Nyan-4@2x.png in Resources */ = {isa = PBXBuildFile; fileRef = 0B1AD9AF194424060078E7B5 /* Portrait-Nyan-4@2x.png */; };
		0B1AD9C8194424060078E7B5 /* Portrait-Nyan-5.png in Resources */ = {isa = PBXBuildFile; fileRef = 0B1AD9B0194424060078E7B5 /* Portrait-Nyan-5.png */; };
		0B1AD9C9194424060078E7B5 /* Portrait-Nyan-5@2x.png in Resources */ = {isa = PBXBuildFile; fileRef = 0B1AD9B1194424060078E7B5 /* Portrait-Nyan-5@2x.png */; };
		0B1AD9CA194424060078E7B5 /* Portrait-Nyan-6.png in Resources */ = {isa = PBXBuildFile; fileRef = 0B1AD9B2194424060078E7B5 /* Portrait-Nyan-6.png */; };
		0B1AD9CB194424060078E7B5 /* Portrait-Nyan-6@2x.png in Resources */ = {isa = PBXBuildFile; fileRef = 0B1AD9B3194424060078E7B5 /* Portrait-Nyan-6@2x.png */; };
		0B1AD9CC194424060078E7B5 /* Portrait-Nyan-7.png in Resources */ = {isa = PBXBuildFile; fileRef = 0B1AD9B4194424060078E7B5 /* Portrait-Nyan-7.png */; };
		0B1AD9CD194424060078E7B5 /* Portrait-Nyan-7@2x.png in Resources */ = {isa = PBXBuildFile; fileRef = 0B1AD9B5194424060078E7B5 /* Portrait-Nyan-7@2x.png */; };
		0B1AD9CE194424060078E7B5 /* Portrait-Nyan-8.png in Resources */ = {isa = PBXBuildFile; fileRef = 0B1AD9B6194424060078E7B5 /* Portrait-Nyan-8.png */; };
		0B1AD9CF194424060078E7B5 /* Portrait-Nyan-8@2x.png in Resources */ = {isa = PBXBuildFile; fileRef = 0B1AD9B7194424060078E7B5 /* Portrait-Nyan-8@2x.png */; };
		0B1AD9D0194424060078E7B5 /* Portrait-Nyan-9.png in Resources */ = {isa = PBXBuildFile; fileRef = 0B1AD9B8194424060078E7B5 /* Portrait-Nyan-9.png */; };
		0B1AD9D1194424060078E7B5 /* Portrait-Nyan-9@2x.png in Resources */ = {isa = PBXBuildFile; fileRef = 0B1AD9B9194424060078E7B5 /* Portrait-Nyan-9@2x.png */; };
		0B1AD9D2194424060078E7B5 /* Portrait-Nyan-10.png in Resources */ = {isa = PBXBuildFile; fileRef = 0B1AD9BA194424060078E7B5 /* Portrait-Nyan-10.png */; };
		0B1AD9D3194424060078E7B5 /* Portrait-Nyan-10@2x.png in Resources */ = {isa = PBXBuildFile; fileRef = 0B1AD9BB194424060078E7B5 /* Portrait-Nyan-10@2x.png */; };
		0B1AD9D4194424060078E7B5 /* Portrait-Nyan-11.png in Resources */ = {isa = PBXBuildFile; fileRef = 0B1AD9BC194424060078E7B5 /* Portrait-Nyan-11.png */; };
		0B1AD9D5194424060078E7B5 /* Portrait-Nyan-11@2x.png in Resources */ = {isa = PBXBuildFile; fileRef = 0B1AD9BD194424060078E7B5 /* Portrait-Nyan-11@2x.png */; };
		0B1AD9D6194424060078E7B5 /* Portrait-Nyan-12.png in Resources */ = {isa = PBXBuildFile; fileRef = 0B1AD9BE194424060078E7B5 /* Portrait-Nyan-12.png */; };
		0B1AD9D7194424060078E7B5 /* Portrait-Nyan-12@2x.png in Resources */ = {isa = PBXBuildFile; fileRef = 0B1AD9BF194424060078E7B5 /* Portrait-Nyan-12@2x.png */; };
/* End PBXBuildFile section */

/* Begin PBXContainerItemProxy section */
		0B1AD99F194423E40078E7B5 /* PBXContainerItemProxy */ = {
			isa = PBXContainerItemProxy;
			containerPortal = 0B1AD961194423DB0078E7B5 /* Project object */;
			proxyType = 1;
			remoteGlobalIDString = 0B1AD992194423E40078E7B5;
			remoteInfo = Today;
		};
		0B1AD9A2194423E40078E7B5 /* PBXContainerItemProxy */ = {
			isa = PBXContainerItemProxy;
			containerPortal = 0B1AD961194423DB0078E7B5 /* Project object */;
			proxyType = 1;
			remoteGlobalIDString = 0B1AD992194423E40078E7B5;
			remoteInfo = Today;
		};
/* End PBXContainerItemProxy section */

/* Begin PBXCopyFilesBuildPhase section */
		0B1AD9A7194423E40078E7B5 /* Embed App Extensions */ = {
			isa = PBXCopyFilesBuildPhase;
			buildActionMask = 2147483647;
			dstPath = "";
			dstSubfolderSpec = 13;
			files = (
				0B1AD9A1194423E40078E7B5 /* ca.adambell.NyanCat.Today.appex in Embed App Extensions */,
			);
			name = "Embed App Extensions";
			runOnlyForDeploymentPostprocessing = 0;
		};
/* End PBXCopyFilesBuildPhase section */

/* Begin PBXFileReference section */
		0B1AD969194423DB0078E7B5 /* NyanCat.app */ = {isa = PBXFileReference; explicitFileType = wrapper.application; includeInIndex = 0; path = NyanCat.app; sourceTree = BUILT_PRODUCTS_DIR; };
		0B1AD96D194423DB0078E7B5 /* Info.plist */ = {isa = PBXFileReference; lastKnownFileType = text.plist.xml; path = Info.plist; sourceTree = "<group>"; };
		0B1AD96E194423DB0078E7B5 /* main.m */ = {isa = PBXFileReference; lastKnownFileType = sourcecode.c.objc; path = main.m; sourceTree = "<group>"; };
		0B1AD970194423DB0078E7B5 /* AppDelegate.h */ = {isa = PBXFileReference; lastKnownFileType = sourcecode.c.h; path = AppDelegate.h; sourceTree = "<group>"; };
		0B1AD971194423DB0078E7B5 /* AppDelegate.m */ = {isa = PBXFileReference; lastKnownFileType = sourcecode.c.objc; path = AppDelegate.m; sourceTree = "<group>"; };
		0B1AD973194423DB0078E7B5 /* ViewController.h */ = {isa = PBXFileReference; lastKnownFileType = sourcecode.c.h; path = ViewController.h; sourceTree = "<group>"; };
		0B1AD974194423DB0078E7B5 /* ViewController.m */ = {isa = PBXFileReference; lastKnownFileType = sourcecode.c.objc; path = ViewController.m; sourceTree = "<group>"; };
		0B1AD977194423DB0078E7B5 /* Base */ = {isa = PBXFileReference; lastKnownFileType = file.storyboard; name = Base; path = Base.lproj/Main.storyboard; sourceTree = "<group>"; };
		0B1AD979194423DB0078E7B5 /* Images.xcassets */ = {isa = PBXFileReference; lastKnownFileType = folder.assetcatalog; path = Images.xcassets; sourceTree = "<group>"; };
		0B1AD993194423E40078E7B5 /* ca.adambell.NyanCat.Today.appex */ = {isa = PBXFileReference; explicitFileType = "wrapper.app-extension"; includeInIndex = 0; path = ca.adambell.NyanCat.Today.appex; sourceTree = BUILT_PRODUCTS_DIR; };
		0B1AD995194423E40078E7B5 /* NotificationCenter.framework */ = {isa = PBXFileReference; lastKnownFileType = wrapper.framework; name = NotificationCenter.framework; path = System/Library/Frameworks/NotificationCenter.framework; sourceTree = SDKROOT; };
		0B1AD999194423E40078E7B5 /* Info.plist */ = {isa = PBXFileReference; lastKnownFileType = text.plist.xml; path = Info.plist; sourceTree = "<group>"; };
		0B1AD99A194423E40078E7B5 /* TodayViewController.h */ = {isa = PBXFileReference; lastKnownFileType = sourcecode.c.h; path = TodayViewController.h; sourceTree = "<group>"; };
		0B1AD99B194423E40078E7B5 /* TodayViewController.m */ = {isa = PBXFileReference; lastKnownFileType = sourcecode.c.objc; path = TodayViewController.m; sourceTree = "<group>"; };
		0B1AD99D194423E40078E7B5 /* MainInterface.storyboard */ = {isa = PBXFileReference; lastKnownFileType = file.storyboard; path = MainInterface.storyboard; sourceTree = "<group>"; };
		0B1AD9A8194424060078E7B5 /* Portrait-Nyan-1.png */ = {isa = PBXFileReference; lastKnownFileType = image.png; path = "Portrait-Nyan-1.png"; sourceTree = "<group>"; };
		0B1AD9A9194424060078E7B5 /* Portrait-Nyan-1@2x.png */ = {isa = PBXFileReference; lastKnownFileType = image.png; path = "Portrait-Nyan-1@2x.png"; sourceTree = "<group>"; };
		0B1AD9AA194424060078E7B5 /* Portrait-Nyan-2.png */ = {isa = PBXFileReference; lastKnownFileType = image.png; path = "Portrait-Nyan-2.png"; sourceTree = "<group>"; };
		0B1AD9AB194424060078E7B5 /* Portrait-Nyan-2@2x.png */ = {isa = PBXFileReference; lastKnownFileType = image.png; path = "Portrait-Nyan-2@2x.png"; sourceTree = "<group>"; };
		0B1AD9AC194424060078E7B5 /* Portrait-Nyan-3.png */ = {isa = PBXFileReference; lastKnownFileType = image.png; path = "Portrait-Nyan-3.png"; sourceTree = "<group>"; };
		0B1AD9AD194424060078E7B5 /* Portrait-Nyan-3@2x.png */ = {isa = PBXFileReference; lastKnownFileType = image.png; path = "Portrait-Nyan-3@2x.png"; sourceTree = "<group>"; };
		0B1AD9AE194424060078E7B5 /* Portrait-Nyan-4.png */ = {isa = PBXFileReference; lastKnownFileType = image.png; path = "Portrait-Nyan-4.png"; sourceTree = "<group>"; };
		0B1AD9AF194424060078E7B5 /* Portrait-Nyan-4@2x.png */ = {isa = PBXFileReference; lastKnownFileType = image.png; path = "Portrait-Nyan-4@2x.png"; sourceTree = "<group>"; };
		0B1AD9B0194424060078E7B5 /* Portrait-Nyan-5.png */ = {isa = PBXFileReference; lastKnownFileType = image.png; path = "Portrait-Nyan-5.png"; sourceTree = "<group>"; };
		0B1AD9B1194424060078E7B5 /* Portrait-Nyan-5@2x.png */ = {isa = PBXFileReference; lastKnownFileType = image.png; path = "Portrait-Nyan-5@2x.png"; sourceTree = "<group>"; };
		0B1AD9B2194424060078E7B5 /* Portrait-Nyan-6.png */ = {isa = PBXFileReference; lastKnownFileType = image.png; path = "Portrait-Nyan-6.png"; sourceTree = "<group>"; };
		0B1AD9B3194424060078E7B5 /* Portrait-Nyan-6@2x.png */ = {isa = PBXFileReference; lastKnownFileType = image.png; path = "Portrait-Nyan-6@2x.png"; sourceTree = "<group>"; };
		0B1AD9B4194424060078E7B5 /* Portrait-Nyan-7.png */ = {isa = PBXFileReference; lastKnownFileType = image.png; path = "Portrait-Nyan-7.png"; sourceTree = "<group>"; };
		0B1AD9B5194424060078E7B5 /* Portrait-Nyan-7@2x.png */ = {isa = PBXFileReference; lastKnownFileType = image.png; path = "Portrait-Nyan-7@2x.png"; sourceTree = "<group>"; };
		0B1AD9B6194424060078E7B5 /* Portrait-Nyan-8.png */ = {isa = PBXFileReference; lastKnownFileType = image.png; path = "Portrait-Nyan-8.png"; sourceTree = "<group>"; };
		0B1AD9B7194424060078E7B5 /* Portrait-Nyan-8@2x.png */ = {isa = PBXFileReference; lastKnownFileType = image.png; path = "Portrait-Nyan-8@2x.png"; sourceTree = "<group>"; };
		0B1AD9B8194424060078E7B5 /* Portrait-Nyan-9.png */ = {isa = PBXFileReference; lastKnownFileType = image.png; path = "Portrait-Nyan-9.png"; sourceTree = "<group>"; };
		0B1AD9B9194424060078E7B5 /* Portrait-Nyan-9@2x.png */ = {isa = PBXFileReference; lastKnownFileType = image.png; path = "Portrait-Nyan-9@2x.png"; sourceTree = "<group>"; };
		0B1AD9BA194424060078E7B5 /* Portrait-Nyan-10.png */ = {isa = PBXFileReference; lastKnownFileType = image.png; path = "Portrait-Nyan-10.png"; sourceTree = "<group>"; };
		0B1AD9BB194424060078E7B5 /* Portrait-Nyan-10@2x.png */ = {isa = PBXFileReference; lastKnownFileType = image.png; path = "Portrait-Nyan-10@2x.png"; sourceTree = "<group>"; };
		0B1AD9BC194424060078E7B5 /* Portrait-Nyan-11.png */ = {isa = PBXFileReference; lastKnownFileType = image.png; path = "Portrait-Nyan-11.png"; sourceTree = "<group>"; };
		0B1AD9BD194424060078E7B5 /* Portrait-Nyan-11@2x.png */ = {isa = PBXFileReference; lastKnownFileType = image.png; path = "Portrait-Nyan-11@2x.png"; sourceTree = "<group>"; };
		0B1AD9BE194424060078E7B5 /* Portrait-Nyan-12.png */ = {isa = PBXFileReference; lastKnownFileType = image.png; path = "Portrait-Nyan-12.png"; sourceTree = "<group>"; };
		0B1AD9BF194424060078E7B5 /* Portrait-Nyan-12@2x.png */ = {isa = PBXFileReference; lastKnownFileType = image.png; path = "Portrait-Nyan-12@2x.png"; sourceTree = "<group>"; };
/* End PBXFileReference section */

/* Begin PBXFrameworksBuildPhase section */
		0B1AD966194423DB0078E7B5 /* Frameworks */ = {
			isa = PBXFrameworksBuildPhase;
			buildActionMask = 2147483647;
			files = (
			);
			runOnlyForDeploymentPostprocessing = 0;
		};
		0B1AD990194423E40078E7B5 /* Frameworks */ = {
			isa = PBXFrameworksBuildPhase;
			buildActionMask = 2147483647;
			files = (
				0B1AD996194423E40078E7B5 /* NotificationCenter.framework in Frameworks */,
			);
			runOnlyForDeploymentPostprocessing = 0;
		};
/* End PBXFrameworksBuildPhase section */

/* Begin PBXGroup section */
		0B1AD960194423DB0078E7B5 = {
			isa = PBXGroup;
			children = (
				0B1AD96B194423DB0078E7B5 /* NyanCat */,
				0B1AD997194423E40078E7B5 /* Today */,
				0B1AD994194423E40078E7B5 /* Frameworks */,
				0B1AD96A194423DB0078E7B5 /* Products */,
			);
			sourceTree = "<group>";
		};
		0B1AD96A194423DB0078E7B5 /* Products */ = {
			isa = PBXGroup;
			children = (
				0B1AD969194423DB0078E7B5 /* NyanCat.app */,
				0B1AD993194423E40078E7B5 /* ca.adambell.NyanCat.Today.appex */,
			);
			name = Products;
			sourceTree = "<group>";
		};
		0B1AD96B194423DB0078E7B5 /* NyanCat */ = {
			isa = PBXGroup;
			children = (
				0B1AD970194423DB0078E7B5 /* AppDelegate.h */,
				0B1AD971194423DB0078E7B5 /* AppDelegate.m */,
				0B1AD973194423DB0078E7B5 /* ViewController.h */,
				0B1AD974194423DB0078E7B5 /* ViewController.m */,
				0B1AD976194423DB0078E7B5 /* Main.storyboard */,
				0B1AD979194423DB0078E7B5 /* Images.xcassets */,
				0B1AD96C194423DB0078E7B5 /* Supporting Files */,
			);
			path = NyanCat;
			sourceTree = "<group>";
		};
		0B1AD96C194423DB0078E7B5 /* Supporting Files */ = {
			isa = PBXGroup;
			children = (
				0B1AD96D194423DB0078E7B5 /* Info.plist */,
				0B1AD96E194423DB0078E7B5 /* main.m */,
			);
			name = "Supporting Files";
			sourceTree = "<group>";
		};
		0B1AD994194423E40078E7B5 /* Frameworks */ = {
			isa = PBXGroup;
			children = (
				0B1AD995194423E40078E7B5 /* NotificationCenter.framework */,
			);
			name = Frameworks;
			sourceTree = "<group>";
		};
		0B1AD997194423E40078E7B5 /* Today */ = {
			isa = PBXGroup;
			children = (
				0B1AD99A194423E40078E7B5 /* TodayViewController.h */,
				0B1AD99B194423E40078E7B5 /* TodayViewController.m */,
				0B1AD99D194423E40078E7B5 /* MainInterface.storyboard */,
				0B1AD998194423E40078E7B5 /* Supporting Files */,
			);
			path = Today;
			sourceTree = "<group>";
		};
		0B1AD998194423E40078E7B5 /* Supporting Files */ = {
			isa = PBXGroup;
			children = (
				0B1AD9A8194424060078E7B5 /* Portrait-Nyan-1.png */,
				0B1AD9A9194424060078E7B5 /* Portrait-Nyan-1@2x.png */,
				0B1AD9AA194424060078E7B5 /* Portrait-Nyan-2.png */,
				0B1AD9AB194424060078E7B5 /* Portrait-Nyan-2@2x.png */,
				0B1AD9AC194424060078E7B5 /* Portrait-Nyan-3.png */,
				0B1AD9AD194424060078E7B5 /* Portrait-Nyan-3@2x.png */,
				0B1AD9AE194424060078E7B5 /* Portrait-Nyan-4.png */,
				0B1AD9AF194424060078E7B5 /* Portrait-Nyan-4@2x.png */,
				0B1AD9B0194424060078E7B5 /* Portrait-Nyan-5.png */,
				0B1AD9B1194424060078E7B5 /* Portrait-Nyan-5@2x.png */,
				0B1AD9B2194424060078E7B5 /* Portrait-Nyan-6.png */,
				0B1AD9B3194424060078E7B5 /* Portrait-Nyan-6@2x.png */,
				0B1AD9B4194424060078E7B5 /* Portrait-Nyan-7.png */,
				0B1AD9B5194424060078E7B5 /* Portrait-Nyan-7@2x.png */,
				0B1AD9B6194424060078E7B5 /* Portrait-Nyan-8.png */,
				0B1AD9B7194424060078E7B5 /* Portrait-Nyan-8@2x.png */,
				0B1AD9B8194424060078E7B5 /* Portrait-Nyan-9.png */,
				0B1AD9B9194424060078E7B5 /* Portrait-Nyan-9@2x.png */,
				0B1AD9BA194424060078E7B5 /* Portrait-Nyan-10.png */,
				0B1AD9BB194424060078E7B5 /* Portrait-Nyan-10@2x.png */,
				0B1AD9BC194424060078E7B5 /* Portrait-Nyan-11.png */,
				0B1AD9BD194424060078E7B5 /* Portrait-Nyan-11@2x.png */,
				0B1AD9BE194424060078E7B5 /* Portrait-Nyan-12.png */,
				0B1AD9BF194424060078E7B5 /* Portrait-Nyan-12@2x.png */,
				0B1AD999194423E40078E7B5 /* Info.plist */,
			);
			name = "Supporting Files";
			sourceTree = "<group>";
		};
/* End PBXGroup section */

/* Begin PBXNativeTarget section */
		0B1AD968194423DB0078E7B5 /* NyanCat */ = {
			isa = PBXNativeTarget;
			buildConfigurationList = 0B1AD989194423DB0078E7B5 /* Build configuration list for PBXNativeTarget "NyanCat" */;
			buildPhases = (
				0B1AD965194423DB0078E7B5 /* Sources */,
				0B1AD966194423DB0078E7B5 /* Frameworks */,
				0B1AD967194423DB0078E7B5 /* Resources */,
				0B1AD9A7194423E40078E7B5 /* Embed App Extensions */,
			);
			buildRules = (
			);
			dependencies = (
				0B1AD9A0194423E40078E7B5 /* PBXTargetDependency */,
				0B1AD9A3194423E40078E7B5 /* PBXTargetDependency */,
			);
			name = NyanCat;
			productName = NyanCat;
			productReference = 0B1AD969194423DB0078E7B5 /* NyanCat.app */;
			productType = "com.apple.product-type.application";
		};
		0B1AD992194423E40078E7B5 /* Today */ = {
			isa = PBXNativeTarget;
			buildConfigurationList = 0B1AD9A4194423E40078E7B5 /* Build configuration list for PBXNativeTarget "Today" */;
			buildPhases = (
				0B1AD98F194423E40078E7B5 /* Sources */,
				0B1AD990194423E40078E7B5 /* Frameworks */,
				0B1AD991194423E40078E7B5 /* Resources */,
			);
			buildRules = (
			);
			dependencies = (
			);
			name = Today;
			productName = Today;
			productReference = 0B1AD993194423E40078E7B5 /* ca.adambell.NyanCat.Today.appex */;
			productType = "com.apple.product-type.app-extension";
		};
/* End PBXNativeTarget section */

/* Begin PBXProject section */
		0B1AD961194423DB0078E7B5 /* Project object */ = {
			isa = PBXProject;
			attributes = {
				LastUpgradeCheck = 0600;
				ORGANIZATIONNAME = "Adam Bell";
				TargetAttributes = {
					0B1AD968194423DB0078E7B5 = {
						CreatedOnToolsVersion = 6.0;
					};
					0B1AD992194423E40078E7B5 = {
						CreatedOnToolsVersion = 6.0;
					};
				};
			};
			buildConfigurationList = 0B1AD964194423DB0078E7B5 /* Build configuration list for PBXProject "NyanCat" */;
			compatibilityVersion = "Xcode 3.2";
			developmentRegion = English;
			hasScannedForEncodings = 0;
			knownRegions = (
				en,
				Base,
			);
			mainGroup = 0B1AD960194423DB0078E7B5;
			productRefGroup = 0B1AD96A194423DB0078E7B5 /* Products */;
			projectDirPath = "";
			projectRoot = "";
			targets = (
				0B1AD968194423DB0078E7B5 /* NyanCat */,
				0B1AD992194423E40078E7B5 /* Today */,
			);
		};
/* End PBXProject section */

/* Begin PBXResourcesBuildPhase section */
		0B1AD967194423DB0078E7B5 /* Resources */ = {
			isa = PBXResourcesBuildPhase;
			buildActionMask = 2147483647;
			files = (
				0B1AD978194423DB0078E7B5 /* Main.storyboard in Resources */,
				0B1AD97A194423DB0078E7B5 /* Images.xcassets in Resources */,
			);
			runOnlyForDeploymentPostprocessing = 0;
		};
		0B1AD991194423E40078E7B5 /* Resources */ = {
			isa = PBXResourcesBuildPhase;
			buildActionMask = 2147483647;
			files = (
				0B1AD9D4194424060078E7B5 /* Portrait-Nyan-11.png in Resources */,
				0B1AD9CD194424060078E7B5 /* Portrait-Nyan-7@2x.png in Resources */,
				0B1AD9C4194424060078E7B5 /* Portrait-Nyan-3.png in Resources */,
				0B1AD9D3194424060078E7B5 /* Portrait-Nyan-10@2x.png in Resources */,
				0B1AD9C1194424060078E7B5 /* Portrait-Nyan-1@2x.png in Resources */,
				0B1AD9CE194424060078E7B5 /* Portrait-Nyan-8.png in Resources */,
				0B1AD9C2194424060078E7B5 /* Portrait-Nyan-2.png in Resources */,
				0B1AD9D2194424060078E7B5 /* Portrait-Nyan-10.png in Resources */,
				0B1AD9C0194424060078E7B5 /* Portrait-Nyan-1.png in Resources */,
				0B1AD9D0194424060078E7B5 /* Portrait-Nyan-9.png in Resources */,
				0B1AD9CC194424060078E7B5 /* Portrait-Nyan-7.png in Resources */,
				0B1AD9C3194424060078E7B5 /* Portrait-Nyan-2@2x.png in Resources */,
				0B1AD9C9194424060078E7B5 /* Portrait-Nyan-5@2x.png in Resources */,
				0B1AD9C5194424060078E7B5 /* Portrait-Nyan-3@2x.png in Resources */,
				0B1AD9D7194424060078E7B5 /* Portrait-Nyan-12@2x.png in Resources */,
				0B1AD99E194423E40078E7B5 /* MainInterface.storyboard in Resources */,
				0B1AD9C7194424060078E7B5 /* Portrait-Nyan-4@2x.png in Resources */,
				0B1AD9CA194424060078E7B5 /* Portrait-Nyan-6.png in Resources */,
				0B1AD9C8194424060078E7B5 /* Portrait-Nyan-5.png in Resources */,
				0B1AD9CB194424060078E7B5 /* Portrait-Nyan-6@2x.png in Resources */,
				0B1AD9C6194424060078E7B5 /* Portrait-Nyan-4.png in Resources */,
				0B1AD9CF194424060078E7B5 /* Portrait-Nyan-8@2x.png in Resources */,
				0B1AD9D1194424060078E7B5 /* Portrait-Nyan-9@2x.png in Resources */,
				0B1AD9D5194424060078E7B5 /* Portrait-Nyan-11@2x.png in Resources */,
				0B1AD9D6194424060078E7B5 /* Portrait-Nyan-12.png in Resources */,
			);
			runOnlyForDeploymentPostprocessing = 0;
		};
/* End PBXResourcesBuildPhase section */

/* Begin PBXSourcesBuildPhase section */
		0B1AD965194423DB0078E7B5 /* Sources */ = {
			isa = PBXSourcesBuildPhase;
			buildActionMask = 2147483647;
			files = (
				0B1AD975194423DB0078E7B5 /* ViewController.m in Sources */,
				0B1AD972194423DB0078E7B5 /* AppDelegate.m in Sources */,
				0B1AD96F194423DB0078E7B5 /* main.m in Sources */,
			);
			runOnlyForDeploymentPostprocessing = 0;
		};
		0B1AD98F194423E40078E7B5 /* Sources */ = {
			isa = PBXSourcesBuildPhase;
			buildActionMask = 2147483647;
			files = (
				0B1AD99C194423E40078E7B5 /* TodayViewController.m in Sources */,
			);
			runOnlyForDeploymentPostprocessing = 0;
		};
/* End PBXSourcesBuildPhase section */

/* Begin PBXTargetDependency section */
		0B1AD9A0194423E40078E7B5 /* PBXTargetDependency */ = {
			isa = PBXTargetDependency;
			target = 0B1AD992194423E40078E7B5 /* Today */;
			targetProxy = 0B1AD99F194423E40078E7B5 /* PBXContainerItemProxy */;
		};
		0B1AD9A3194423E40078E7B5 /* PBXTargetDependency */ = {
			isa = PBXTargetDependency;
			target = 0B1AD992194423E40078E7B5 /* Today */;
			targetProxy = 0B1AD9A2194423E40078E7B5 /* PBXContainerItemProxy */;
		};
/* End PBXTargetDependency section */

/* Begin PBXVariantGroup section */
		0B1AD976194423DB0078E7B5 /* Main.storyboard */ = {
			isa = PBXVariantGroup;
			children = (
				0B1AD977194423DB0078E7B5 /* Base */,
			);
			name = Main.storyboard;
			sourceTree = "<group>";
		};
/* End PBXVariantGroup section */

/* Begin XCBuildConfiguration section */
		0B1AD987194423DB0078E7B5 /* Debug */ = {
			isa = XCBuildConfiguration;
			buildSettings = {
				ALWAYS_SEARCH_USER_PATHS = NO;
				CLANG_CXX_LANGUAGE_STANDARD = "gnu++0x";
				CLANG_CXX_LIBRARY = "libc++";
				CLANG_ENABLE_MODULES = YES;
				CLANG_ENABLE_OBJC_ARC = YES;
				CLANG_WARN_BOOL_CONVERSION = YES;
				CLANG_WARN_CONSTANT_CONVERSION = YES;
				CLANG_WARN_DIRECT_OBJC_ISA_USAGE = YES_ERROR;
				CLANG_WARN_EMPTY_BODY = YES;
				CLANG_WARN_ENUM_CONVERSION = YES;
				CLANG_WARN_INT_CONVERSION = YES;
				CLANG_WARN_OBJC_ROOT_CLASS = YES_ERROR;
				CLANG_WARN_UNREACHABLE_CODE = YES;
				CLANG_WARN__DUPLICATE_METHOD_MATCH = YES;
				"CODE_SIGN_IDENTITY[sdk=iphoneos*]" = "iPhone Developer";
				COPY_PHASE_STRIP = NO;
				ENABLE_STRICT_OBJC_MSGSEND = YES;
				GCC_C_LANGUAGE_STANDARD = gnu99;
				GCC_DYNAMIC_NO_PIC = NO;
				GCC_OPTIMIZATION_LEVEL = 0;
				GCC_PREPROCESSOR_DEFINITIONS = (
					"DEBUG=1",
					"$(inherited)",
				);
				GCC_SYMBOLS_PRIVATE_EXTERN = NO;
				GCC_WARN_64_TO_32_BIT_CONVERSION = YES;
				GCC_WARN_ABOUT_RETURN_TYPE = YES_ERROR;
				GCC_WARN_UNDECLARED_SELECTOR = YES;
				GCC_WARN_UNINITIALIZED_AUTOS = YES_AGGRESSIVE;
				GCC_WARN_UNUSED_FUNCTION = YES;
				GCC_WARN_UNUSED_VARIABLE = YES;
				IPHONEOS_DEPLOYMENT_TARGET = 8.0;
				METAL_ENABLE_DEBUG_INFO = YES;
				ONLY_ACTIVE_ARCH = YES;
				SDKROOT = iphoneos;
				TARGETED_DEVICE_FAMILY = "1,2";
			};
			name = Debug;
		};
		0B1AD988194423DB0078E7B5 /* Release */ = {
			isa = XCBuildConfiguration;
			buildSettings = {
				ALWAYS_SEARCH_USER_PATHS = NO;
				CLANG_CXX_LANGUAGE_STANDARD = "gnu++0x";
				CLANG_CXX_LIBRARY = "libc++";
				CLANG_ENABLE_MODULES = YES;
				CLANG_ENABLE_OBJC_ARC = YES;
				CLANG_WARN_BOOL_CONVERSION = YES;
				CLANG_WARN_CONSTANT_CONVERSION = YES;
				CLANG_WARN_DIRECT_OBJC_ISA_USAGE = YES_ERROR;
				CLANG_WARN_EMPTY_BODY = YES;
				CLANG_WARN_ENUM_CONVERSION = YES;
				CLANG_WARN_INT_CONVERSION = YES;
				CLANG_WARN_OBJC_ROOT_CLASS = YES_ERROR;
				CLANG_WARN_UNREACHABLE_CODE = YES;
				CLANG_WARN__DUPLICATE_METHOD_MATCH = YES;
				"CODE_SIGN_IDENTITY[sdk=iphoneos*]" = "iPhone Developer";
				COPY_PHASE_STRIP = YES;
				ENABLE_NS_ASSERTIONS = NO;
				ENABLE_STRICT_OBJC_MSGSEND = YES;
				GCC_C_LANGUAGE_STANDARD = gnu99;
				GCC_WARN_64_TO_32_BIT_CONVERSION = YES;
				GCC_WARN_ABOUT_RETURN_TYPE = YES_ERROR;
				GCC_WARN_UNDECLARED_SELECTOR = YES;
				GCC_WARN_UNINITIALIZED_AUTOS = YES_AGGRESSIVE;
				GCC_WARN_UNUSED_FUNCTION = YES;
				GCC_WARN_UNUSED_VARIABLE = YES;
				IPHONEOS_DEPLOYMENT_TARGET = 8.0;
				METAL_ENABLE_DEBUG_INFO = NO;
				SDKROOT = iphoneos;
				TARGETED_DEVICE_FAMILY = "1,2";
				VALIDATE_PRODUCT = YES;
			};
			name = Release;
		};
		0B1AD98A194423DB0078E7B5 /* Debug */ = {
			isa = XCBuildConfiguration;
			buildSettings = {
				ASSETCATALOG_COMPILER_APPICON_NAME = AppIcon;
				ASSETCATALOG_COMPILER_LAUNCHIMAGE_NAME = LaunchImage;
				INFOPLIST_FILE = NyanCat/Info.plist;
				LD_RUNPATH_SEARCH_PATHS = "$(inherited) @executable_path/Frameworks";
				PRODUCT_NAME = "$(TARGET_NAME)";
			};
			name = Debug;
		};
		0B1AD98B194423DB0078E7B5 /* Release */ = {
			isa = XCBuildConfiguration;
			buildSettings = {
				ASSETCATALOG_COMPILER_APPICON_NAME = AppIcon;
				ASSETCATALOG_COMPILER_LAUNCHIMAGE_NAME = LaunchImage;
				INFOPLIST_FILE = NyanCat/Info.plist;
				LD_RUNPATH_SEARCH_PATHS = "$(inherited) @executable_path/Frameworks";
				PRODUCT_NAME = "$(TARGET_NAME)";
			};
			name = Release;
		};
		0B1AD9A5194423E40078E7B5 /* Debug */ = {
			isa = XCBuildConfiguration;
			buildSettings = {
				GCC_PREPROCESSOR_DEFINITIONS = (
					"DEBUG=1",
					"$(inherited)",
				);
				INFOPLIST_FILE = Today/Info.plist;
				LD_RUNPATH_SEARCH_PATHS = "$(inherited) @executable_path/Frameworks @executable_path/../../Frameworks";
				METAL_ENABLE_DEBUG_INFO = YES;
				PRODUCT_NAME = "ca.adambell.NyanCat.$(TARGET_NAME:rfc1034identifier)";
				SKIP_INSTALL = YES;
			};
			name = Debug;
		};
		0B1AD9A6194423E40078E7B5 /* Release */ = {
			isa = XCBuildConfiguration;
			buildSettings = {
				INFOPLIST_FILE = Today/Info.plist;
				LD_RUNPATH_SEARCH_PATHS = "$(inherited) @executable_path/Frameworks @executable_path/../../Frameworks";
				METAL_ENABLE_DEBUG_INFO = NO;
				PRODUCT_NAME = "ca.adambell.NyanCat.$(TARGET_NAME:rfc1034identifier)";
				SKIP_INSTALL = YES;
			};
			name = Release;
		};
/* End XCBuildConfiguration section */

/* Begin XCConfigurationList section */
		0B1AD964194423DB0078E7B5 /* Build configuration list for PBXProject "NyanCat" */ = {
			isa = XCConfigurationList;
			buildConfigurations = (
				0B1AD987194423DB0078E7B5 /* Debug */,
				0B1AD988194423DB0078E7B5 /* Release */,
			);
			defaultConfigurationIsVisible = 0;
			defaultConfigurationName = Release;
		};
		0B1AD989194423DB0078E7B5 /* Build configuration list for PBXNativeTarget "NyanCat" */ = {
			isa = XCConfigurationList;
			buildConfigurations = (
				0B1AD98A194423DB0078E7B5 /* Debug */,
				0B1AD98B194423DB0078E7B5 /* Release */,
			);
			defaultConfigurationIsVisible = 0;
			defaultConfigurationName = Release;
		};
		0B1AD9A4194423E40078E7B5 /* Build configuration list for PBXNativeTarget "Today" */ = {
			isa = XCConfigurationList;
			buildConfigurations = (
				0B1AD9A5194423E40078E7B5 /* Debug */,
				0B1AD9A6194423E40078E7B5 /* Release */,
			);
			defaultConfigurationIsVisible = 0;
			defaultConfigurationName = Release;
		};
/* End XCConfigurationList section */
	};
	rootObject = 0B1AD961194423DB0078E7B5 /* Project object */;
}
